
Microsoft Visual Studio Solution File, Format Version 12.00
# Visual Studio Version 17
VisualStudioVersion = 17.8.34525.116
MinimumVisualStudioVersion = 10.0.40219.1
Project("{2150E333-8FDC-42A3-9474-1A3956D46DE8}") = "Lambda", "Lambda", "{47650DFA-057A-45DA-99D0-4724804CC29F}"
EndProject
Project("{2150E333-8FDC-42A3-9474-1A3956D46DE8}") = "Services", "Services", "{9579AF04-2565-4010-B5CB-D59BA9EAD46B}"
EndProject
Project("{2150E333-8FDC-42A3-9474-1A3956D46DE8}") = "Infrastructure", "Infrastructure", "{D16D375B-E997-4D09-95C8-BC794387B160}"
EndProject
Project("{9A19103F-16F7-4668-BE54-9A1E7A4F7556}") = "EventRuleDLQLambda", "EventRuleDLQLambda\EventRuleDLQLambda.csproj", "{524FDE76-1654-4AC1-A743-248ACC8CB2DE}"
EndProject
Project("{9A19103F-16F7-4668-BE54-9A1E7A4F7556}") = "EventRuleDLQLambda.Tests", "EventRuleDLQLambda.Tests\EventRuleDLQLambda.Tests.csproj", "{2ACC7451-739E-4661-B0D6-31501235883B}"
EndProject
Project("{9A19103F-16F7-4668-BE54-9A1E7A4F7556}") = "TestServiceLayer", "TestServiceLayer\TestServiceLayer.csproj", "{CD57BE52-2D87-4388-86BA-FAE16CC4E77D}"
EndProject
Project("{9A19103F-16F7-4668-BE54-9A1E7A4F7556}") = "TestServiceLayer.Shared", "TestServiceLayer.Shared\TestServiceLayer.Shared.csproj", "{947C474B-4823-42F4-BC07-D3B1DE6FEFDC}"
EndProject
Project("{9A19103F-16F7-4668-BE54-9A1E7A4F7556}") = "TestServiceLayer.Tests", "TestServiceLayer.Tests\TestServiceLayer.Tests.csproj", "{DA2F33E6-33D2-4A4A-ACF3-081D39C95A0D}"
EndProject
Project("{9A19103F-16F7-4668-BE54-9A1E7A4F7556}") = "Helper.Startup", "Helper.Startup\Helper.Startup.csproj", "{E59F8402-5046-4163-BA98-67738FEE06AC}"
EndProject
Project("{9A19103F-16F7-4668-BE54-9A1E7A4F7556}") = "AWSServiceWrapper.Shared", "AWSServiceWrapper.Shared\AWSServiceWrapper.Shared.csproj", "{F834ABDD-3AF6-4DDF-9BA2-D104AD1DBC75}"
EndProject
Project("{9A19103F-16F7-4668-BE54-9A1E7A4F7556}") = "AWSServiceWrapper.EventBridge", "AWSServiceWrapper.EventBridge\AWSServiceWrapper.EventBridge.csproj", "{1C16A5BB-FB92-43AD-983D-B51F1223E438}"
EndProject
Global
	GlobalSection(SolutionConfigurationPlatforms) = preSolution
		Debug|Any CPU = Debug|Any CPU
		Release|Any CPU = Release|Any CPU
	EndGlobalSection
	GlobalSection(ProjectConfigurationPlatforms) = postSolution
		{524FDE76-1654-4AC1-A743-248ACC8CB2DE}.Debug|Any CPU.ActiveCfg = Debug|Any CPU
		{524FDE76-1654-4AC1-A743-248ACC8CB2DE}.Debug|Any CPU.Build.0 = Debug|Any CPU
		{524FDE76-1654-4AC1-A743-248ACC8CB2DE}.Release|Any CPU.ActiveCfg = Release|Any CPU
		{524FDE76-1654-4AC1-A743-248ACC8CB2DE}.Release|Any CPU.Build.0 = Release|Any CPU
		{2ACC7451-739E-4661-B0D6-31501235883B}.Debug|Any CPU.ActiveCfg = Debug|Any CPU
		{2ACC7451-739E-4661-B0D6-31501235883B}.Debug|Any CPU.Build.0 = Debug|Any CPU
		{2ACC7451-739E-4661-B0D6-31501235883B}.Release|Any CPU.ActiveCfg = Release|Any CPU
		{2ACC7451-739E-4661-B0D6-31501235883B}.Release|Any CPU.Build.0 = Release|Any CPU
		{CD57BE52-2D87-4388-86BA-FAE16CC4E77D}.Debug|Any CPU.ActiveCfg = Debug|Any CPU
		{CD57BE52-2D87-4388-86BA-FAE16CC4E77D}.Debug|Any CPU.Build.0 = Debug|Any CPU
		{CD57BE52-2D87-4388-86BA-FAE16CC4E77D}.Release|Any CPU.ActiveCfg = Release|Any CPU
		{CD57BE52-2D87-4388-86BA-FAE16CC4E77D}.Release|Any CPU.Build.0 = Release|Any CPU
		{947C474B-4823-42F4-BC07-D3B1DE6FEFDC}.Debug|Any CPU.ActiveCfg = Debug|Any CPU
		{947C474B-4823-42F4-BC07-D3B1DE6FEFDC}.Debug|Any CPU.Build.0 = Debug|Any CPU
		{947C474B-4823-42F4-BC07-D3B1DE6FEFDC}.Release|Any CPU.ActiveCfg = Release|Any CPU
		{947C474B-4823-42F4-BC07-D3B1DE6FEFDC}.Release|Any CPU.Build.0 = Release|Any CPU
		{DA2F33E6-33D2-4A4A-ACF3-081D39C95A0D}.Debug|Any CPU.ActiveCfg = Debug|Any CPU
		{DA2F33E6-33D2-4A4A-ACF3-081D39C95A0D}.Debug|Any CPU.Build.0 = Debug|Any CPU
		{DA2F33E6-33D2-4A4A-ACF3-081D39C95A0D}.Release|Any CPU.ActiveCfg = Release|Any CPU
		{DA2F33E6-33D2-4A4A-ACF3-081D39C95A0D}.Release|Any CPU.Build.0 = Release|Any CPU
		{E59F8402-5046-4163-BA98-67738FEE06AC}.Debug|Any CPU.ActiveCfg = Debug|Any CPU
		{E59F8402-5046-4163-BA98-67738FEE06AC}.Debug|Any CPU.Build.0 = Debug|Any CPU
		{E59F8402-5046-4163-BA98-67738FEE06AC}.Release|Any CPU.ActiveCfg = Release|Any CPU
		{E59F8402-5046-4163-BA98-67738FEE06AC}.Release|Any CPU.Build.0 = Release|Any CPU
		{F834ABDD-3AF6-4DDF-9BA2-D104AD1DBC75}.Debug|Any CPU.ActiveCfg = Debug|Any CPU
		{F834ABDD-3AF6-4DDF-9BA2-D104AD1DBC75}.Debug|Any CPU.Build.0 = Debug|Any CPU
		{F834ABDD-3AF6-4DDF-9BA2-D104AD1DBC75}.Release|Any CPU.ActiveCfg = Release|Any CPU
		{F834ABDD-3AF6-4DDF-9BA2-D104AD1DBC75}.Release|Any CPU.Build.0 = Release|Any CPU
		{1C16A5BB-FB92-43AD-983D-B51F1223E438}.Debug|Any CPU.ActiveCfg = Debug|Any CPU
		{1C16A5BB-FB92-43AD-983D-B51F1223E438}.Debug|Any CPU.Build.0 = Debug|Any CPU
		{1C16A5BB-FB92-43AD-983D-B51F1223E438}.Release|Any CPU.ActiveCfg = Release|Any CPU
		{1C16A5BB-FB92-43AD-983D-B51F1223E438}.Release|Any CPU.Build.0 = Release|Any CPU
	EndGlobalSection
	GlobalSection(SolutionProperties) = preSolution
		HideSolutionNode = FALSE
	EndGlobalSection
	GlobalSection(NestedProjects) = preSolution
		{524FDE76-1654-4AC1-A743-248ACC8CB2DE} = {47650DFA-057A-45DA-99D0-4724804CC29F}
		{2ACC7451-739E-4661-B0D6-31501235883B} = {47650DFA-057A-45DA-99D0-4724804CC29F}
		{CD57BE52-2D87-4388-86BA-FAE16CC4E77D} = {9579AF04-2565-4010-B5CB-D59BA9EAD46B}
		{947C474B-4823-42F4-BC07-D3B1DE6FEFDC} = {9579AF04-2565-4010-B5CB-D59BA9EAD46B}
		{DA2F33E6-33D2-4A4A-ACF3-081D39C95A0D} = {9579AF04-2565-4010-B5CB-D59BA9EAD46B}
		{E59F8402-5046-4163-BA98-67738FEE06AC} = {D16D375B-E997-4D09-95C8-BC794387B160}
		{F834ABDD-3AF6-4DDF-9BA2-D104AD1DBC75} = {D16D375B-E997-4D09-95C8-BC794387B160}
		{1C16A5BB-FB92-43AD-983D-B51F1223E438} = {D16D375B-E997-4D09-95C8-BC794387B160}
	EndGlobalSection
	GlobalSection(ExtensibilityGlobals) = postSolution
		SolutionGuid = {1AD22557-FD37-431A-A02C-1EAAAB702DA8}
	EndGlobalSection
EndGlobal
