
Microsoft Visual Studio Solution File, Format Version 12.00
# Visual Studio Version 17
VisualStudioVersion = 17.4.33103.184
MinimumVisualStudioVersion = 10.0.40219.1
Project("{2150E333-8FDC-42A3-9474-1A3956D46DE8}") = "Api", "Api", "{F83B466A-875E-40D6-A2A2-F33A76BF8B0B}"
EndProject
Project("{2150E333-8FDC-42A3-9474-1A3956D46DE8}") = "3_Provider", "3_Provider", "{D5E03DF5-ED30-4FC2-A185-AED616C0938F}"
EndProject
Project("{2150E333-8FDC-42A3-9474-1A3956D46DE8}") = "2_Repository", "2_Repository", "{303FBAD5-DDBA-48B6-AA0B-00C4FACDD17B}"
EndProject
Project("{2150E333-8FDC-42A3-9474-1A3956D46DE8}") = "4_Service", "4_Service", "{E654F0DD-ED37-479D-B94D-0FEADED30492}"
EndProject
Project("{2150E333-8FDC-42A3-9474-1A3956D46DE8}") = "_Dependancies", "_Dependancies", "{9E016264-B094-472B-A502-42668306FC68}"
EndProject
Project("{2150E333-8FDC-42A3-9474-1A3956D46DE8}") = "1_DataAccess", "1_DataAccess", "{78B06FF2-80BC-46E8-90AA-8B5A9C841808}"
EndProject
Project("{9A19103F-16F7-4668-BE54-9A1E7A4F7556}") = "Providers.Portal", "Providers.Portal\Providers.Portal.csproj", "{54EA292A-5F11-4617-B97D-0ECAD431F862}"
EndProject
Project("{9A19103F-16F7-4668-BE54-9A1E7A4F7556}") = "Providers.Portal.Shared", "Providers.Portal.Shared\Providers.Portal.Shared.csproj", "{EAF69EC2-D2ED-4C22-918B-F59F6C7F95DB}"
EndProject
Project("{9A19103F-16F7-4668-BE54-9A1E7A4F7556}") = "ServiceLayer.Portal", "ServiceLayer.Portal\ServiceLayer.Portal.csproj", "{AE4A125B-92D8-49F9-8559-C792929A7BC9}"
EndProject
Project("{9A19103F-16F7-4668-BE54-9A1E7A4F7556}") = "ServiceLayer.Portal.Shared", "ServiceLayer.Portal.Shared\ServiceLayer.Portal.Shared.csproj", "{A30041BF-0BC6-408A-8F27-0C60CD382094}"
EndProject
Project("{9A19103F-16F7-4668-BE54-9A1E7A4F7556}") = "ServiceLayer.Portal.Tests", "ServiceLayer.Portal.Tests\ServiceLayer.Portal.Tests.csproj", "{2CD7CB50-7F45-45B9-AA98-D511A140387F}"
EndProject
Project("{9A19103F-16F7-4668-BE54-9A1E7A4F7556}") = "Repository.Portal.Tests", "Repository.Portal.Tests\Repository.Portal.Tests.csproj", "{0D3D7B04-53F3-42FA-8BF7-8018997AAA6D}"
EndProject
Project("{9A19103F-16F7-4668-BE54-9A1E7A4F7556}") = "DataAccess.Portal", "DataAccess.Portal\DataAccess.Portal.csproj", "{E9896A75-605C-4A99-B76E-350A65D4EB6D}"
EndProject
Project("{9A19103F-16F7-4668-BE54-9A1E7A4F7556}") = "DataAccess.Portal.Shared", "DataAccess.Portal.Shared\DataAccess.Portal.Shared.csproj", "{ACFFFADA-B4DC-4A90-9B53-826641B0113B}"
EndProject
Project("{9A19103F-16F7-4668-BE54-9A1E7A4F7556}") = "DataAccess.Portal.Testing", "DataAccess.Portal.Testing\DataAccess.Portal.Testing.csproj", "{DBE06725-ACD2-4326-943A-5AF697390F88}"
EndProject
Project("{9A19103F-16F7-4668-BE54-9A1E7A4F7556}") = "Providers.Portal.Testing", "Providers.Portal.Testing\Providers.Portal.Testing.csproj", "{58FE3E56-91C6-496B-88FD-75E780E140B7}"
EndProject
Project("{9A19103F-16F7-4668-BE54-9A1E7A4F7556}") = "Repository.Portal.Shared", "Repository.Portal.Shared\Repository.Portal.Shared.csproj", "{361610D3-A5F5-4CC6-AF50-B9E1F871C088}"
EndProject
Project("{9A19103F-16F7-4668-BE54-9A1E7A4F7556}") = "Repository.Portal", "Repository.Portal\Repository.Portal.csproj", "{FCB97149-167A-472D-B272-2B7A380F9AA8}"
EndProject
Project("{9A19103F-16F7-4668-BE54-9A1E7A4F7556}") = "ServiceLayer.Common", "ServiceLayer.Common\ServiceLayer.Common.csproj", "{627C867C-2120-4C36-8784-462304FD4847}"
EndProject
Project("{9A19103F-16F7-4668-BE54-9A1E7A4F7556}") = "PortalApi", "PortalApi\PortalApi.csproj", "{E7969745-9581-4F7F-BC39-F07FE08934B4}"
EndProject
Project("{9A19103F-16F7-4668-BE54-9A1E7A4F7556}") = "PortalApi.Tests", "PortalApi.Tests\PortalApi.Tests.csproj", "{D72315F6-B787-4945-8F5B-8EB9978E2372}"
EndProject
Project("{9A19103F-16F7-4668-BE54-9A1E7A4F7556}") = "Providers.Payment.Shared", "Providers.Payment.Shared\Providers.Payment.Shared.csproj", "{25240AC1-F1C7-4343-8867-28AAA6BE7AF4}"
EndProject
Project("{9A19103F-16F7-4668-BE54-9A1E7A4F7556}") = "Providers.Payment.Stripe", "Providers.Payment.Stripe\Providers.Payment.Stripe.csproj", "{9FF77B88-C078-4F5D-B060-0896A6B981FF}"
EndProject
Project("{9A19103F-16F7-4668-BE54-9A1E7A4F7556}") = "Providers.Payment.Tests", "Providers.Payment.Tests\Providers.Payment.Tests.csproj", "{E9B08985-6810-4933-91E3-A582C23DB569}"
EndProject
Project("{2150E333-8FDC-42A3-9474-1A3956D46DE8}") = "5_Settings", "5_Settings", "{978D3297-465F-4681-9351-1CCA7DB8356A}"
EndProject
Project("{9A19103F-16F7-4668-BE54-9A1E7A4F7556}") = "Settings.Portal", "Settings.Portal\Settings.Portal.csproj", "{D8A9BD63-7ECE-4195-B3AE-40E9F70AD158}"
EndProject
Project("{2150E333-8FDC-42A3-9474-1A3956D46DE8}") = "Portal", "Portal", "{8F2765D2-41F1-49FB-A05F-A92265E79622}"
EndProject
Project("{9A19103F-16F7-4668-BE54-9A1E7A4F7556}") = "Repository.Billing.Shared", "Repository.Billing.Shared\Repository.Billing.Shared.csproj", "{8B7C1876-9236-4D8F-A9DE-57121328BDCE}"
EndProject
Project("{9A19103F-16F7-4668-BE54-9A1E7A4F7556}") = "Repository.Billing", "Repository.Billing\Repository.Billing.csproj", "{034F81E3-F32B-4694-8169-4B748D029E60}"
EndProject
Project("{9A19103F-16F7-4668-BE54-9A1E7A4F7556}") = "Repository.Billing.Tests", "Repository.Billing.Tests\Repository.Billing.Tests.csproj", "{68CF48F0-74C5-471D-A200-0D40820B6CA0}"
EndProject
Project("{9A19103F-16F7-4668-BE54-9A1E7A4F7556}") = "DataAccess.Billing.Shared", "DataAccess.Billing.Shared\DataAccess.Billing.Shared.csproj", "{712AA4B9-C080-409C-8893-CDA85556DFB3}"
EndProject
Project("{9A19103F-16F7-4668-BE54-9A1E7A4F7556}") = "DataAccess.Billing", "DataAccess.Billing\DataAccess.Billing.csproj", "{709DB71F-310E-44EE-8E1F-15713EED37BC}"
EndProject
Project("{9A19103F-16F7-4668-BE54-9A1E7A4F7556}") = "DataAccess.Billing.Tests", "DataAccess.Billing.Tests\DataAccess.Billing.Tests.csproj", "{5C0B76A4-6354-4E04-B21D-9DD0E784F900}"
EndProject
Project("{2150E333-8FDC-42A3-9474-1A3956D46DE8}") = "Services", "Services", "{CBFC43BD-D370-4432-8009-F4F9480DC02D}"
EndProject
Project("{9A19103F-16F7-4668-BE54-9A1E7A4F7556}") = "BillingUsageService", "BillingUsageService\BillingUsageService.csproj", "{5E154F62-53B2-478A-A928-829D3E89B297}"
EndProject
Project("{9A19103F-16F7-4668-BE54-9A1E7A4F7556}") = "BillingUsageService.Tests", "BillingUsageService.Tests\BillingUsageService.Tests.csproj", "{D712EBF6-02B8-4CA5-B4EF-75011AA52E06}"
EndProject
Global
	GlobalSection(SolutionConfigurationPlatforms) = preSolution
		Debug|Any CPU = Debug|Any CPU
		Release|Any CPU = Release|Any CPU
	EndGlobalSection
	GlobalSection(ProjectConfigurationPlatforms) = postSolution
		{54EA292A-5F11-4617-B97D-0ECAD431F862}.Debug|Any CPU.ActiveCfg = Debug|Any CPU
		{54EA292A-5F11-4617-B97D-0ECAD431F862}.Debug|Any CPU.Build.0 = Debug|Any CPU
		{54EA292A-5F11-4617-B97D-0ECAD431F862}.Release|Any CPU.ActiveCfg = Release|Any CPU
		{54EA292A-5F11-4617-B97D-0ECAD431F862}.Release|Any CPU.Build.0 = Release|Any CPU
		{EAF69EC2-D2ED-4C22-918B-F59F6C7F95DB}.Debug|Any CPU.ActiveCfg = Debug|Any CPU
		{EAF69EC2-D2ED-4C22-918B-F59F6C7F95DB}.Debug|Any CPU.Build.0 = Debug|Any CPU
		{EAF69EC2-D2ED-4C22-918B-F59F6C7F95DB}.Release|Any CPU.ActiveCfg = Release|Any CPU
		{EAF69EC2-D2ED-4C22-918B-F59F6C7F95DB}.Release|Any CPU.Build.0 = Release|Any CPU
		{AE4A125B-92D8-49F9-8559-C792929A7BC9}.Debug|Any CPU.ActiveCfg = Debug|Any CPU
		{AE4A125B-92D8-49F9-8559-C792929A7BC9}.Debug|Any CPU.Build.0 = Debug|Any CPU
		{AE4A125B-92D8-49F9-8559-C792929A7BC9}.Release|Any CPU.ActiveCfg = Release|Any CPU
		{AE4A125B-92D8-49F9-8559-C792929A7BC9}.Release|Any CPU.Build.0 = Release|Any CPU
		{A30041BF-0BC6-408A-8F27-0C60CD382094}.Debug|Any CPU.ActiveCfg = Debug|Any CPU
		{A30041BF-0BC6-408A-8F27-0C60CD382094}.Debug|Any CPU.Build.0 = Debug|Any CPU
		{A30041BF-0BC6-408A-8F27-0C60CD382094}.Release|Any CPU.ActiveCfg = Release|Any CPU
		{A30041BF-0BC6-408A-8F27-0C60CD382094}.Release|Any CPU.Build.0 = Release|Any CPU
		{2CD7CB50-7F45-45B9-AA98-D511A140387F}.Debug|Any CPU.ActiveCfg = Debug|Any CPU
		{2CD7CB50-7F45-45B9-AA98-D511A140387F}.Debug|Any CPU.Build.0 = Debug|Any CPU
		{2CD7CB50-7F45-45B9-AA98-D511A140387F}.Release|Any CPU.ActiveCfg = Release|Any CPU
		{2CD7CB50-7F45-45B9-AA98-D511A140387F}.Release|Any CPU.Build.0 = Release|Any CPU
		{0D3D7B04-53F3-42FA-8BF7-8018997AAA6D}.Debug|Any CPU.ActiveCfg = Debug|Any CPU
		{0D3D7B04-53F3-42FA-8BF7-8018997AAA6D}.Debug|Any CPU.Build.0 = Debug|Any CPU
		{0D3D7B04-53F3-42FA-8BF7-8018997AAA6D}.Release|Any CPU.ActiveCfg = Release|Any CPU
		{0D3D7B04-53F3-42FA-8BF7-8018997AAA6D}.Release|Any CPU.Build.0 = Release|Any CPU
		{E9896A75-605C-4A99-B76E-350A65D4EB6D}.Debug|Any CPU.ActiveCfg = Debug|Any CPU
		{E9896A75-605C-4A99-B76E-350A65D4EB6D}.Debug|Any CPU.Build.0 = Debug|Any CPU
		{E9896A75-605C-4A99-B76E-350A65D4EB6D}.Release|Any CPU.ActiveCfg = Release|Any CPU
		{E9896A75-605C-4A99-B76E-350A65D4EB6D}.Release|Any CPU.Build.0 = Release|Any CPU
		{ACFFFADA-B4DC-4A90-9B53-826641B0113B}.Debug|Any CPU.ActiveCfg = Debug|Any CPU
		{ACFFFADA-B4DC-4A90-9B53-826641B0113B}.Debug|Any CPU.Build.0 = Debug|Any CPU
		{ACFFFADA-B4DC-4A90-9B53-826641B0113B}.Release|Any CPU.ActiveCfg = Release|Any CPU
		{ACFFFADA-B4DC-4A90-9B53-826641B0113B}.Release|Any CPU.Build.0 = Release|Any CPU
		{DBE06725-ACD2-4326-943A-5AF697390F88}.Debug|Any CPU.ActiveCfg = Debug|Any CPU
		{DBE06725-ACD2-4326-943A-5AF697390F88}.Debug|Any CPU.Build.0 = Debug|Any CPU
		{DBE06725-ACD2-4326-943A-5AF697390F88}.Release|Any CPU.ActiveCfg = Release|Any CPU
		{DBE06725-ACD2-4326-943A-5AF697390F88}.Release|Any CPU.Build.0 = Release|Any CPU
		{58FE3E56-91C6-496B-88FD-75E780E140B7}.Debug|Any CPU.ActiveCfg = Debug|Any CPU
		{58FE3E56-91C6-496B-88FD-75E780E140B7}.Debug|Any CPU.Build.0 = Debug|Any CPU
		{58FE3E56-91C6-496B-88FD-75E780E140B7}.Release|Any CPU.ActiveCfg = Release|Any CPU
		{58FE3E56-91C6-496B-88FD-75E780E140B7}.Release|Any CPU.Build.0 = Release|Any CPU
		{361610D3-A5F5-4CC6-AF50-B9E1F871C088}.Debug|Any CPU.ActiveCfg = Debug|Any CPU
		{361610D3-A5F5-4CC6-AF50-B9E1F871C088}.Debug|Any CPU.Build.0 = Debug|Any CPU
		{361610D3-A5F5-4CC6-AF50-B9E1F871C088}.Release|Any CPU.ActiveCfg = Release|Any CPU
		{361610D3-A5F5-4CC6-AF50-B9E1F871C088}.Release|Any CPU.Build.0 = Release|Any CPU
		{FCB97149-167A-472D-B272-2B7A380F9AA8}.Debug|Any CPU.ActiveCfg = Debug|Any CPU
		{FCB97149-167A-472D-B272-2B7A380F9AA8}.Debug|Any CPU.Build.0 = Debug|Any CPU
		{FCB97149-167A-472D-B272-2B7A380F9AA8}.Release|Any CPU.ActiveCfg = Release|Any CPU
		{FCB97149-167A-472D-B272-2B7A380F9AA8}.Release|Any CPU.Build.0 = Release|Any CPU
		{627C867C-2120-4C36-8784-462304FD4847}.Debug|Any CPU.ActiveCfg = Debug|Any CPU
		{627C867C-2120-4C36-8784-462304FD4847}.Debug|Any CPU.Build.0 = Debug|Any CPU
		{627C867C-2120-4C36-8784-462304FD4847}.Release|Any CPU.ActiveCfg = Release|Any CPU
		{627C867C-2120-4C36-8784-462304FD4847}.Release|Any CPU.Build.0 = Release|Any CPU
		{E7969745-9581-4F7F-BC39-F07FE08934B4}.Debug|Any CPU.ActiveCfg = Debug|Any CPU
		{E7969745-9581-4F7F-BC39-F07FE08934B4}.Debug|Any CPU.Build.0 = Debug|Any CPU
		{E7969745-9581-4F7F-BC39-F07FE08934B4}.Release|Any CPU.ActiveCfg = Release|Any CPU
		{E7969745-9581-4F7F-BC39-F07FE08934B4}.Release|Any CPU.Build.0 = Release|Any CPU
		{D72315F6-B787-4945-8F5B-8EB9978E2372}.Debug|Any CPU.ActiveCfg = Debug|Any CPU
		{D72315F6-B787-4945-8F5B-8EB9978E2372}.Debug|Any CPU.Build.0 = Debug|Any CPU
		{D72315F6-B787-4945-8F5B-8EB9978E2372}.Release|Any CPU.ActiveCfg = Release|Any CPU
		{D72315F6-B787-4945-8F5B-8EB9978E2372}.Release|Any CPU.Build.0 = Release|Any CPU
		{25240AC1-F1C7-4343-8867-28AAA6BE7AF4}.Debug|Any CPU.ActiveCfg = Debug|Any CPU
		{25240AC1-F1C7-4343-8867-28AAA6BE7AF4}.Debug|Any CPU.Build.0 = Debug|Any CPU
		{25240AC1-F1C7-4343-8867-28AAA6BE7AF4}.Release|Any CPU.ActiveCfg = Release|Any CPU
		{25240AC1-F1C7-4343-8867-28AAA6BE7AF4}.Release|Any CPU.Build.0 = Release|Any CPU
		{9FF77B88-C078-4F5D-B060-0896A6B981FF}.Debug|Any CPU.ActiveCfg = Debug|Any CPU
		{9FF77B88-C078-4F5D-B060-0896A6B981FF}.Debug|Any CPU.Build.0 = Debug|Any CPU
		{9FF77B88-C078-4F5D-B060-0896A6B981FF}.Release|Any CPU.ActiveCfg = Release|Any CPU
		{9FF77B88-C078-4F5D-B060-0896A6B981FF}.Release|Any CPU.Build.0 = Release|Any CPU
		{E9B08985-6810-4933-91E3-A582C23DB569}.Debug|Any CPU.ActiveCfg = Debug|Any CPU
		{E9B08985-6810-4933-91E3-A582C23DB569}.Debug|Any CPU.Build.0 = Debug|Any CPU
		{E9B08985-6810-4933-91E3-A582C23DB569}.Release|Any CPU.ActiveCfg = Release|Any CPU
		{E9B08985-6810-4933-91E3-A582C23DB569}.Release|Any CPU.Build.0 = Release|Any CPU
		{D8A9BD63-7ECE-4195-B3AE-40E9F70AD158}.Debug|Any CPU.ActiveCfg = Debug|Any CPU
		{D8A9BD63-7ECE-4195-B3AE-40E9F70AD158}.Debug|Any CPU.Build.0 = Debug|Any CPU
		{D8A9BD63-7ECE-4195-B3AE-40E9F70AD158}.Release|Any CPU.ActiveCfg = Release|Any CPU
		{D8A9BD63-7ECE-4195-B3AE-40E9F70AD158}.Release|Any CPU.Build.0 = Release|Any CPU
		{8B7C1876-9236-4D8F-A9DE-57121328BDCE}.Debug|Any CPU.ActiveCfg = Debug|Any CPU
		{8B7C1876-9236-4D8F-A9DE-57121328BDCE}.Debug|Any CPU.Build.0 = Debug|Any CPU
		{8B7C1876-9236-4D8F-A9DE-57121328BDCE}.Release|Any CPU.ActiveCfg = Release|Any CPU
		{8B7C1876-9236-4D8F-A9DE-57121328BDCE}.Release|Any CPU.Build.0 = Release|Any CPU
		{034F81E3-F32B-4694-8169-4B748D029E60}.Debug|Any CPU.ActiveCfg = Debug|Any CPU
		{034F81E3-F32B-4694-8169-4B748D029E60}.Debug|Any CPU.Build.0 = Debug|Any CPU
		{034F81E3-F32B-4694-8169-4B748D029E60}.Release|Any CPU.ActiveCfg = Release|Any CPU
		{034F81E3-F32B-4694-8169-4B748D029E60}.Release|Any CPU.Build.0 = Release|Any CPU
		{68CF48F0-74C5-471D-A200-0D40820B6CA0}.Debug|Any CPU.ActiveCfg = Debug|Any CPU
		{68CF48F0-74C5-471D-A200-0D40820B6CA0}.Debug|Any CPU.Build.0 = Debug|Any CPU
		{68CF48F0-74C5-471D-A200-0D40820B6CA0}.Release|Any CPU.ActiveCfg = Release|Any CPU
		{68CF48F0-74C5-471D-A200-0D40820B6CA0}.Release|Any CPU.Build.0 = Release|Any CPU
		{712AA4B9-C080-409C-8893-CDA85556DFB3}.Debug|Any CPU.ActiveCfg = Debug|Any CPU
		{712AA4B9-C080-409C-8893-CDA85556DFB3}.Debug|Any CPU.Build.0 = Debug|Any CPU
		{712AA4B9-C080-409C-8893-CDA85556DFB3}.Release|Any CPU.ActiveCfg = Release|Any CPU
		{712AA4B9-C080-409C-8893-CDA85556DFB3}.Release|Any CPU.Build.0 = Release|Any CPU
		{709DB71F-310E-44EE-8E1F-15713EED37BC}.Debug|Any CPU.ActiveCfg = Debug|Any CPU
		{709DB71F-310E-44EE-8E1F-15713EED37BC}.Debug|Any CPU.Build.0 = Debug|Any CPU
		{709DB71F-310E-44EE-8E1F-15713EED37BC}.Release|Any CPU.ActiveCfg = Release|Any CPU
		{709DB71F-310E-44EE-8E1F-15713EED37BC}.Release|Any CPU.Build.0 = Release|Any CPU
		{5C0B76A4-6354-4E04-B21D-9DD0E784F900}.Debug|Any CPU.ActiveCfg = Debug|Any CPU
		{5C0B76A4-6354-4E04-B21D-9DD0E784F900}.Debug|Any CPU.Build.0 = Debug|Any CPU
		{5C0B76A4-6354-4E04-B21D-9DD0E784F900}.Release|Any CPU.ActiveCfg = Release|Any CPU
		{5C0B76A4-6354-4E04-B21D-9DD0E784F900}.Release|Any CPU.Build.0 = Release|Any CPU
		{5E154F62-53B2-478A-A928-829D3E89B297}.Debug|Any CPU.ActiveCfg = Debug|Any CPU
		{5E154F62-53B2-478A-A928-829D3E89B297}.Debug|Any CPU.Build.0 = Debug|Any CPU
		{5E154F62-53B2-478A-A928-829D3E89B297}.Release|Any CPU.ActiveCfg = Release|Any CPU
		{5E154F62-53B2-478A-A928-829D3E89B297}.Release|Any CPU.Build.0 = Release|Any CPU
		{D712EBF6-02B8-4CA5-B4EF-75011AA52E06}.Debug|Any CPU.ActiveCfg = Debug|Any CPU
		{D712EBF6-02B8-4CA5-B4EF-75011AA52E06}.Debug|Any CPU.Build.0 = Debug|Any CPU
		{D712EBF6-02B8-4CA5-B4EF-75011AA52E06}.Release|Any CPU.ActiveCfg = Release|Any CPU
		{D712EBF6-02B8-4CA5-B4EF-75011AA52E06}.Release|Any CPU.Build.0 = Release|Any CPU
	EndGlobalSection
	GlobalSection(SolutionProperties) = preSolution
		HideSolutionNode = FALSE
	EndGlobalSection
	GlobalSection(NestedProjects) = preSolution
		{D5E03DF5-ED30-4FC2-A185-AED616C0938F} = {9E016264-B094-472B-A502-42668306FC68}
		{303FBAD5-DDBA-48B6-AA0B-00C4FACDD17B} = {9E016264-B094-472B-A502-42668306FC68}
		{E654F0DD-ED37-479D-B94D-0FEADED30492} = {9E016264-B094-472B-A502-42668306FC68}
		{78B06FF2-80BC-46E8-90AA-8B5A9C841808} = {9E016264-B094-472B-A502-42668306FC68}
		{54EA292A-5F11-4617-B97D-0ECAD431F862} = {D5E03DF5-ED30-4FC2-A185-AED616C0938F}
		{EAF69EC2-D2ED-4C22-918B-F59F6C7F95DB} = {D5E03DF5-ED30-4FC2-A185-AED616C0938F}
		{AE4A125B-92D8-49F9-8559-C792929A7BC9} = {8F2765D2-41F1-49FB-A05F-A92265E79622}
		{A30041BF-0BC6-408A-8F27-0C60CD382094} = {8F2765D2-41F1-49FB-A05F-A92265E79622}
		{2CD7CB50-7F45-45B9-AA98-D511A140387F} = {8F2765D2-41F1-49FB-A05F-A92265E79622}
		{0D3D7B04-53F3-42FA-8BF7-8018997AAA6D} = {303FBAD5-DDBA-48B6-AA0B-00C4FACDD17B}
		{E9896A75-605C-4A99-B76E-350A65D4EB6D} = {78B06FF2-80BC-46E8-90AA-8B5A9C841808}
		{ACFFFADA-B4DC-4A90-9B53-826641B0113B} = {78B06FF2-80BC-46E8-90AA-8B5A9C841808}
		{DBE06725-ACD2-4326-943A-5AF697390F88} = {78B06FF2-80BC-46E8-90AA-8B5A9C841808}
		{58FE3E56-91C6-496B-88FD-75E780E140B7} = {D5E03DF5-ED30-4FC2-A185-AED616C0938F}
		{361610D3-A5F5-4CC6-AF50-B9E1F871C088} = {303FBAD5-DDBA-48B6-AA0B-00C4FACDD17B}
		{FCB97149-167A-472D-B272-2B7A380F9AA8} = {303FBAD5-DDBA-48B6-AA0B-00C4FACDD17B}
		{627C867C-2120-4C36-8784-462304FD4847} = {8F2765D2-41F1-49FB-A05F-A92265E79622}
		{E7969745-9581-4F7F-BC39-F07FE08934B4} = {F83B466A-875E-40D6-A2A2-F33A76BF8B0B}
		{D72315F6-B787-4945-8F5B-8EB9978E2372} = {F83B466A-875E-40D6-A2A2-F33A76BF8B0B}
		{25240AC1-F1C7-4343-8867-28AAA6BE7AF4} = {D5E03DF5-ED30-4FC2-A185-AED616C0938F}
		{9FF77B88-C078-4F5D-B060-0896A6B981FF} = {D5E03DF5-ED30-4FC2-A185-AED616C0938F}
		{E9B08985-6810-4933-91E3-A582C23DB569} = {D5E03DF5-ED30-4FC2-A185-AED616C0938F}
		{978D3297-465F-4681-9351-1CCA7DB8356A} = {9E016264-B094-472B-A502-42668306FC68}
		{D8A9BD63-7ECE-4195-B3AE-40E9F70AD158} = {978D3297-465F-4681-9351-1CCA7DB8356A}
		{8F2765D2-41F1-49FB-A05F-A92265E79622} = {E654F0DD-ED37-479D-B94D-0FEADED30492}
		{8B7C1876-9236-4D8F-A9DE-57121328BDCE} = {303FBAD5-DDBA-48B6-AA0B-00C4FACDD17B}
		{034F81E3-F32B-4694-8169-4B748D029E60} = {303FBAD5-DDBA-48B6-AA0B-00C4FACDD17B}
		{68CF48F0-74C5-471D-A200-0D40820B6CA0} = {303FBAD5-DDBA-48B6-AA0B-00C4FACDD17B}
		{712AA4B9-C080-409C-8893-CDA85556DFB3} = {78B06FF2-80BC-46E8-90AA-8B5A9C841808}
		{709DB71F-310E-44EE-8E1F-15713EED37BC} = {78B06FF2-80BC-46E8-90AA-8B5A9C841808}
		{5C0B76A4-6354-4E04-B21D-9DD0E784F900} = {78B06FF2-80BC-46E8-90AA-8B5A9C841808}
		{5E154F62-53B2-478A-A928-829D3E89B297} = {CBFC43BD-D370-4432-8009-F4F9480DC02D}
		{D712EBF6-02B8-4CA5-B4EF-75011AA52E06} = {CBFC43BD-D370-4432-8009-F4F9480DC02D}
	EndGlobalSection
	GlobalSection(ExtensibilityGlobals) = postSolution
		SolutionGuid = {CDE54CCD-8792-430C-9188-AE656C5B8762}
	EndGlobalSection
EndGlobal
