
Microsoft Visual Studio Solution File, Format Version 12.00
# Visual Studio Version 17
VisualStudioVersion = 17.8.34525.116
MinimumVisualStudioVersion = 10.0.40219.1
Project("{2150E333-8FDC-42A3-9474-1A3956D46DE8}") = "Apis", "Apis", "{E80CB39D-813E-47DD-B3B0-0FBC1256D853}"
EndProject
Project("{2150E333-8FDC-42A3-9474-1A3956D46DE8}") = "Lambda", "Lambda", "{47650DFA-057A-45DA-99D0-4724804CC29F}"
EndProject
Project("{2150E333-8FDC-42A3-9474-1A3956D46DE8}") = "Services", "Services", "{9579AF04-2565-4010-B5CB-D59BA9EAD46B}"
EndProject
Project("{2150E333-8FDC-42A3-9474-1A3956D46DE8}") = "Infrastructure", "Infrastructure", "{D16D375B-E997-4D09-95C8-BC794387B160}"
EndProject
Project("{9A19103F-16F7-4668-BE54-9A1E7A4F7556}") = "AWSServiceWrapper.Shared", "AWSServiceWrapper.Shared\AWSServiceWrapper.Shared.csproj", "{338518D8-4A0D-45C5-9105-14AD08CAAF20}"
EndProject
Project("{9A19103F-16F7-4668-BE54-9A1E7A4F7556}") = "AWSServiceWrapper.EventBridge", "AWSServiceWrapper.EventBridge\AWSServiceWrapper.EventBridge.csproj", "{A0FC3469-102F-41F0-9EBD-543AB3FB0201}"
EndProject
Project("{2150E333-8FDC-42A3-9474-1A3956D46DE8}") = "Harness", "Harness", "{BFE85E33-124C-4842-B201-104E814DECBD}"
EndProject
Project("{9A19103F-16F7-4668-BE54-9A1E7A4F7556}") = "AWSServiceWrapper.Sqs", "AWSServiceWrapper.Sqs\AWSServiceWrapper.Sqs.csproj", "{6556F7A9-2BE6-4824-A1EB-2214F27E4E67}"
EndProject
Project("{9A19103F-16F7-4668-BE54-9A1E7A4F7556}") = "ExternalApi", "ExternalApi\ExternalApi.csproj", "{5A14ADCA-43DB-4D45-BA82-9AD6B8FA4B59}"
EndProject
Project("{9A19103F-16F7-4668-BE54-9A1E7A4F7556}") = "EventRuleLambda", "EventRuleLambda\EventRuleLambda.csproj", "{3CFEAA57-7DC1-4BC8-B4AD-F8C3038B36C2}"
EndProject
Project("{9A19103F-16F7-4668-BE54-9A1E7A4F7556}") = "EventRuleLambda.Tests", "EventRuleLambda.Tests\EventRuleLambda.Tests.csproj", "{F631B8D2-1818-479F-BBB5-646A13A2A29C}"
EndProject
Project("{9A19103F-16F7-4668-BE54-9A1E7A4F7556}") = "EventRuleDLQLambda", "EventRuleDLQLambda\EventRuleDLQLambda.csproj", "{524FDE76-1654-4AC1-A743-248ACC8CB2DE}"
EndProject
Project("{9A19103F-16F7-4668-BE54-9A1E7A4F7556}") = "EventRuleDLQLambda.Tests", "EventRuleDLQLambda.Tests\EventRuleDLQLambda.Tests.csproj", "{2ACC7451-739E-4661-B0D6-31501235883B}"
EndProject
Project("{9A19103F-16F7-4668-BE54-9A1E7A4F7556}") = "TestServiceLayer", "TestServiceLayer\TestServiceLayer.csproj", "{CD57BE52-2D87-4388-86BA-FAE16CC4E77D}"
EndProject
Project("{9A19103F-16F7-4668-BE54-9A1E7A4F7556}") = "TestServiceLayer.Shared", "TestServiceLayer.Shared\TestServiceLayer.Shared.csproj", "{947C474B-4823-42F4-BC07-D3B1DE6FEFDC}"
EndProject
Project("{9A19103F-16F7-4668-BE54-9A1E7A4F7556}") = "EventRuleTester", "EventRuleTester\EventRuleTester.csproj", "{5DBF3615-1F0D-4CC2-8761-E987AE3645BC}"
EndProject
Project("{2150E333-8FDC-42A3-9474-1A3956D46DE8}") = "DLQ", "DLQ", "{AE2B5A43-A334-4EC7-8346-910EE0F568AF}"
EndProject
Project("{2150E333-8FDC-42A3-9474-1A3956D46DE8}") = "Main", "Main", "{AE8FFAF9-18FE-4A78-AB01-1CC4A1F48369}"
EndProject
Global
	GlobalSection(SolutionConfigurationPlatforms) = preSolution
		Debug|Any CPU = Debug|Any CPU
		Release|Any CPU = Release|Any CPU
	EndGlobalSection
	GlobalSection(ProjectConfigurationPlatforms) = postSolution
		{338518D8-4A0D-45C5-9105-14AD08CAAF20}.Debug|Any CPU.ActiveCfg = Debug|Any CPU
		{338518D8-4A0D-45C5-9105-14AD08CAAF20}.Debug|Any CPU.Build.0 = Debug|Any CPU
		{338518D8-4A0D-45C5-9105-14AD08CAAF20}.Release|Any CPU.ActiveCfg = Release|Any CPU
		{338518D8-4A0D-45C5-9105-14AD08CAAF20}.Release|Any CPU.Build.0 = Release|Any CPU
		{A0FC3469-102F-41F0-9EBD-543AB3FB0201}.Debug|Any CPU.ActiveCfg = Debug|Any CPU
		{A0FC3469-102F-41F0-9EBD-543AB3FB0201}.Debug|Any CPU.Build.0 = Debug|Any CPU
		{A0FC3469-102F-41F0-9EBD-543AB3FB0201}.Release|Any CPU.ActiveCfg = Release|Any CPU
		{A0FC3469-102F-41F0-9EBD-543AB3FB0201}.Release|Any CPU.Build.0 = Release|Any CPU
		{6556F7A9-2BE6-4824-A1EB-2214F27E4E67}.Debug|Any CPU.ActiveCfg = Debug|Any CPU
		{6556F7A9-2BE6-4824-A1EB-2214F27E4E67}.Debug|Any CPU.Build.0 = Debug|Any CPU
		{6556F7A9-2BE6-4824-A1EB-2214F27E4E67}.Release|Any CPU.ActiveCfg = Release|Any CPU
		{6556F7A9-2BE6-4824-A1EB-2214F27E4E67}.Release|Any CPU.Build.0 = Release|Any CPU
		{5A14ADCA-43DB-4D45-BA82-9AD6B8FA4B59}.Debug|Any CPU.ActiveCfg = Debug|Any CPU
		{5A14ADCA-43DB-4D45-BA82-9AD6B8FA4B59}.Debug|Any CPU.Build.0 = Debug|Any CPU
		{5A14ADCA-43DB-4D45-BA82-9AD6B8FA4B59}.Release|Any CPU.ActiveCfg = Release|Any CPU
		{5A14ADCA-43DB-4D45-BA82-9AD6B8FA4B59}.Release|Any CPU.Build.0 = Release|Any CPU
		{3CFEAA57-7DC1-4BC8-B4AD-F8C3038B36C2}.Debug|Any CPU.ActiveCfg = Debug|Any CPU
		{3CFEAA57-7DC1-4BC8-B4AD-F8C3038B36C2}.Debug|Any CPU.Build.0 = Debug|Any CPU
		{3CFEAA57-7DC1-4BC8-B4AD-F8C3038B36C2}.Release|Any CPU.ActiveCfg = Release|Any CPU
		{3CFEAA57-7DC1-4BC8-B4AD-F8C3038B36C2}.Release|Any CPU.Build.0 = Release|Any CPU
		{F631B8D2-1818-479F-BBB5-646A13A2A29C}.Debug|Any CPU.ActiveCfg = Debug|Any CPU
		{F631B8D2-1818-479F-BBB5-646A13A2A29C}.Debug|Any CPU.Build.0 = Debug|Any CPU
		{F631B8D2-1818-479F-BBB5-646A13A2A29C}.Release|Any CPU.ActiveCfg = Release|Any CPU
		{F631B8D2-1818-479F-BBB5-646A13A2A29C}.Release|Any CPU.Build.0 = Release|Any CPU
		{524FDE76-1654-4AC1-A743-248ACC8CB2DE}.Debug|Any CPU.ActiveCfg = Debug|Any CPU
		{524FDE76-1654-4AC1-A743-248ACC8CB2DE}.Debug|Any CPU.Build.0 = Debug|Any CPU
		{524FDE76-1654-4AC1-A743-248ACC8CB2DE}.Release|Any CPU.ActiveCfg = Release|Any CPU
		{524FDE76-1654-4AC1-A743-248ACC8CB2DE}.Release|Any CPU.Build.0 = Release|Any CPU
		{2ACC7451-739E-4661-B0D6-31501235883B}.Debug|Any CPU.ActiveCfg = Debug|Any CPU
		{2ACC7451-739E-4661-B0D6-31501235883B}.Debug|Any CPU.Build.0 = Debug|Any CPU
		{2ACC7451-739E-4661-B0D6-31501235883B}.Release|Any CPU.ActiveCfg = Release|Any CPU
		{2ACC7451-739E-4661-B0D6-31501235883B}.Release|Any CPU.Build.0 = Release|Any CPU
		{CD57BE52-2D87-4388-86BA-FAE16CC4E77D}.Debug|Any CPU.ActiveCfg = Debug|Any CPU
		{CD57BE52-2D87-4388-86BA-FAE16CC4E77D}.Debug|Any CPU.Build.0 = Debug|Any CPU
		{CD57BE52-2D87-4388-86BA-FAE16CC4E77D}.Release|Any CPU.ActiveCfg = Release|Any CPU
		{CD57BE52-2D87-4388-86BA-FAE16CC4E77D}.Release|Any CPU.Build.0 = Release|Any CPU
		{947C474B-4823-42F4-BC07-D3B1DE6FEFDC}.Debug|Any CPU.ActiveCfg = Debug|Any CPU
		{947C474B-4823-42F4-BC07-D3B1DE6FEFDC}.Debug|Any CPU.Build.0 = Debug|Any CPU
		{947C474B-4823-42F4-BC07-D3B1DE6FEFDC}.Release|Any CPU.ActiveCfg = Release|Any CPU
		{947C474B-4823-42F4-BC07-D3B1DE6FEFDC}.Release|Any CPU.Build.0 = Release|Any CPU
		{5DBF3615-1F0D-4CC2-8761-E987AE3645BC}.Debug|Any CPU.ActiveCfg = Debug|Any CPU
		{5DBF3615-1F0D-4CC2-8761-E987AE3645BC}.Debug|Any CPU.Build.0 = Debug|Any CPU
		{5DBF3615-1F0D-4CC2-8761-E987AE3645BC}.Release|Any CPU.ActiveCfg = Release|Any CPU
		{5DBF3615-1F0D-4CC2-8761-E987AE3645BC}.Release|Any CPU.Build.0 = Release|Any CPU
	EndGlobalSection
	GlobalSection(SolutionProperties) = preSolution
		HideSolutionNode = FALSE
	EndGlobalSection
	GlobalSection(NestedProjects) = preSolution
		{338518D8-4A0D-45C5-9105-14AD08CAAF20} = {D16D375B-E997-4D09-95C8-BC794387B160}
		{A0FC3469-102F-41F0-9EBD-543AB3FB0201} = {D16D375B-E997-4D09-95C8-BC794387B160}
		{6556F7A9-2BE6-4824-A1EB-2214F27E4E67} = {D16D375B-E997-4D09-95C8-BC794387B160}
		{5A14ADCA-43DB-4D45-BA82-9AD6B8FA4B59} = {E80CB39D-813E-47DD-B3B0-0FBC1256D853}
		{3CFEAA57-7DC1-4BC8-B4AD-F8C3038B36C2} = {AE8FFAF9-18FE-4A78-AB01-1CC4A1F48369}
		{F631B8D2-1818-479F-BBB5-646A13A2A29C} = {AE8FFAF9-18FE-4A78-AB01-1CC4A1F48369}
		{524FDE76-1654-4AC1-A743-248ACC8CB2DE} = {AE2B5A43-A334-4EC7-8346-910EE0F568AF}
		{2ACC7451-739E-4661-B0D6-31501235883B} = {AE2B5A43-A334-4EC7-8346-910EE0F568AF}
		{CD57BE52-2D87-4388-86BA-FAE16CC4E77D} = {9579AF04-2565-4010-B5CB-D59BA9EAD46B}
		{947C474B-4823-42F4-BC07-D3B1DE6FEFDC} = {9579AF04-2565-4010-B5CB-D59BA9EAD46B}
		{5DBF3615-1F0D-4CC2-8761-E987AE3645BC} = {BFE85E33-124C-4842-B201-104E814DECBD}
		{AE2B5A43-A334-4EC7-8346-910EE0F568AF} = {47650DFA-057A-45DA-99D0-4724804CC29F}
		{AE8FFAF9-18FE-4A78-AB01-1CC4A1F48369} = {47650DFA-057A-45DA-99D0-4724804CC29F}
	EndGlobalSection
	GlobalSection(ExtensibilityGlobals) = postSolution
		SolutionGuid = {1AD22557-FD37-431A-A02C-1EAAAB702DA8}
	EndGlobalSection
EndGlobal
